// !$*UTF8*$!
{
	archiveVersion = 1;
	classes = {
	};
	objectVersion = 55;
	objects = {

/* Begin PBXBuildFile section */
		4D705ABF2754D1F60039946C /* AppDelegate.swift in Sources */ = {isa = PBXBuildFile; fileRef = 4D705ABE2754D1F60039946C /* AppDelegate.swift */; };
		4D705AC12754D1F60039946C /* SceneDelegate.swift in Sources */ = {isa = PBXBuildFile; fileRef = 4D705AC02754D1F60039946C /* SceneDelegate.swift */; };
		4D705AC32754D1F60039946C /* ViewController.swift in Sources */ = {isa = PBXBuildFile; fileRef = 4D705AC22754D1F60039946C /* ViewController.swift */; };
		4D705AC62754D1F60039946C /* Main.storyboard in Resources */ = {isa = PBXBuildFile; fileRef = 4D705AC42754D1F60039946C /* Main.storyboard */; };
		4D705AC82754D1F90039946C /* Assets.xcassets in Resources */ = {isa = PBXBuildFile; fileRef = 4D705AC72754D1F90039946C /* Assets.xcassets */; };
		4D705ACB2754D1F90039946C /* LaunchScreen.storyboard in Resources */ = {isa = PBXBuildFile; fileRef = 4D705AC92754D1F90039946C /* LaunchScreen.storyboard */; };
		4D705AD42754E0780039946C /* ContentTableViewCell.swift in Sources */ = {isa = PBXBuildFile; fileRef = 4D705AD32754E0770039946C /* ContentTableViewCell.swift */; };
		4D705AD72754E1500039946C /* ContentResult.swift in Sources */ = {isa = PBXBuildFile; fileRef = 4D705AD62754E1500039946C /* ContentResult.swift */; };
		4D705ADA2754E3110039946C /* IimageViewExtention.swift in Sources */ = {isa = PBXBuildFile; fileRef = 4D705AD92754E3110039946C /* IimageViewExtention.swift */; };
		4D705ADD2754E6BD0039946C /* ContentViewModel.swift in Sources */ = {isa = PBXBuildFile; fileRef = 4D705ADC2754E6BD0039946C /* ContentViewModel.swift */; };
		4D705ADF275508B90039946C /* ImageCollectionViewCell.swift in Sources */ = {isa = PBXBuildFile; fileRef = 4D705ADE275508B90039946C /* ImageCollectionViewCell.swift */; };
		4D705AE127550B5D0039946C /* ImageDownloader.swift in Sources */ = {isa = PBXBuildFile; fileRef = 4D705AE027550B5D0039946C /* ImageDownloader.swift */; };
/* End PBXBuildFile section */

/* Begin PBXFileReference section */
		4D705ABB2754D1F60039946C /* MindtekAssignment.app */ = {isa = PBXFileReference; explicitFileType = wrapper.application; includeInIndex = 0; path = MindtekAssignment.app; sourceTree = BUILT_PRODUCTS_DIR; };
		4D705ABE2754D1F60039946C /* AppDelegate.swift */ = {isa = PBXFileReference; lastKnownFileType = sourcecode.swift; path = AppDelegate.swift; sourceTree = "<group>"; };
		4D705AC02754D1F60039946C /* SceneDelegate.swift */ = {isa = PBXFileReference; lastKnownFileType = sourcecode.swift; path = SceneDelegate.swift; sourceTree = "<group>"; };
		4D705AC22754D1F60039946C /* ViewController.swift */ = {isa = PBXFileReference; lastKnownFileType = sourcecode.swift; path = ViewController.swift; sourceTree = "<group>"; };
		4D705AC52754D1F60039946C /* Base */ = {isa = PBXFileReference; lastKnownFileType = file.storyboard; name = Base; path = Base.lproj/Main.storyboard; sourceTree = "<group>"; };
		4D705AC72754D1F90039946C /* Assets.xcassets */ = {isa = PBXFileReference; lastKnownFileType = folder.assetcatalog; path = Assets.xcassets; sourceTree = "<group>"; };
		4D705ACA2754D1F90039946C /* Base */ = {isa = PBXFileReference; lastKnownFileType = file.storyboard; name = Base; path = Base.lproj/LaunchScreen.storyboard; sourceTree = "<group>"; };
		4D705ACC2754D1F90039946C /* Info.plist */ = {isa = PBXFileReference; lastKnownFileType = text.plist.xml; path = Info.plist; sourceTree = "<group>"; };
		4D705AD32754E0770039946C /* ContentTableViewCell.swift */ = {isa = PBXFileReference; lastKnownFileType = sourcecode.swift; path = ContentTableViewCell.swift; sourceTree = "<group>"; };
		4D705AD62754E1500039946C /* ContentResult.swift */ = {isa = PBXFileReference; lastKnownFileType = sourcecode.swift; path = ContentResult.swift; sourceTree = "<group>"; };
		4D705AD92754E3110039946C /* IimageViewExtention.swift */ = {isa = PBXFileReference; lastKnownFileType = sourcecode.swift; path = IimageViewExtention.swift; sourceTree = "<group>"; };
		4D705ADC2754E6BD0039946C /* ContentViewModel.swift */ = {isa = PBXFileReference; lastKnownFileType = sourcecode.swift; path = ContentViewModel.swift; sourceTree = "<group>"; };
		4D705ADE275508B90039946C /* ImageCollectionViewCell.swift */ = {isa = PBXFileReference; lastKnownFileType = sourcecode.swift; path = ImageCollectionViewCell.swift; sourceTree = "<group>"; };
		4D705AE027550B5D0039946C /* ImageDownloader.swift */ = {isa = PBXFileReference; lastKnownFileType = sourcecode.swift; path = ImageDownloader.swift; sourceTree = "<group>"; };
/* End PBXFileReference section */

/* Begin PBXFrameworksBuildPhase section */
		4D705AB82754D1F60039946C /* Frameworks */ = {
			isa = PBXFrameworksBuildPhase;
			buildActionMask = 2147483647;
			files = (
			);
			runOnlyForDeploymentPostprocessing = 0;
		};
/* End PBXFrameworksBuildPhase section */

/* Begin PBXGroup section */
		4D705AB22754D1F60039946C = {
			isa = PBXGroup;
			children = (
				4D705ABD2754D1F60039946C /* MindtekAssignment */,
				4D705ABC2754D1F60039946C /* Products */,
			);
			sourceTree = "<group>";
		};
		4D705ABC2754D1F60039946C /* Products */ = {
			isa = PBXGroup;
			children = (
				4D705ABB2754D1F60039946C /* MindtekAssignment.app */,
			);
			name = Products;
			sourceTree = "<group>";
		};
		4D705ABD2754D1F60039946C /* MindtekAssignment */ = {
			isa = PBXGroup;
			children = (
				4D705ADB2754E6A30039946C /* ViewModel */,
				4D705AD82754E2F30039946C /* HelperClass */,
				4D705AD52754E10E0039946C /* Models */,
				4D705AD22754DC230039946C /* Views */,
				4D705ABE2754D1F60039946C /* AppDelegate.swift */,
				4D705AC02754D1F60039946C /* SceneDelegate.swift */,
				4D705AC22754D1F60039946C /* ViewController.swift */,
				4D705AC42754D1F60039946C /* Main.storyboard */,
				4D705AC72754D1F90039946C /* Assets.xcassets */,
				4D705AC92754D1F90039946C /* LaunchScreen.storyboard */,
				4D705ACC2754D1F90039946C /* Info.plist */,
			);
			path = MindtekAssignment;
			sourceTree = "<group>";
		};
		4D705AD22754DC230039946C /* Views */ = {
			isa = PBXGroup;
			children = (
				4D705AD32754E0770039946C /* ContentTableViewCell.swift */,
				4D705ADE275508B90039946C /* ImageCollectionViewCell.swift */,
			);
			path = Views;
			sourceTree = "<group>";
		};
		4D705AD52754E10E0039946C /* Models */ = {
			isa = PBXGroup;
			children = (
				4D705AD62754E1500039946C /* ContentResult.swift */,
			);
			path = Models;
			sourceTree = "<group>";
		};
		4D705AD82754E2F30039946C /* HelperClass */ = {
			isa = PBXGroup;
			children = (
				4D705AD92754E3110039946C /* IimageViewExtention.swift */,
				4D705AE027550B5D0039946C /* ImageDownloader.swift */,
			);
			path = HelperClass;
			sourceTree = "<group>";
		};
		4D705ADB2754E6A30039946C /* ViewModel */ = {
			isa = PBXGroup;
			children = (
				4D705ADC2754E6BD0039946C /* ContentViewModel.swift */,
			);
			path = ViewModel;
			sourceTree = "<group>";
		};
/* End PBXGroup section */

/* Begin PBXNativeTarget section */
		4D705ABA2754D1F60039946C /* MindtekAssignment */ = {
			isa = PBXNativeTarget;
			buildConfigurationList = 4D705ACF2754D1F90039946C /* Build configuration list for PBXNativeTarget "MindtekAssignment" */;
			buildPhases = (
				4D705AB72754D1F60039946C /* Sources */,
				4D705AB82754D1F60039946C /* Frameworks */,
				4D705AB92754D1F60039946C /* Resources */,
			);
			buildRules = (
			);
			dependencies = (
			);
			name = MindtekAssignment;
			productName = MindtekAssignment;
			productReference = 4D705ABB2754D1F60039946C /* MindtekAssignment.app */;
			productType = "com.apple.product-type.application";
		};
/* End PBXNativeTarget section */

/* Begin PBXProject section */
		4D705AB32754D1F60039946C /* Project object */ = {
			isa = PBXProject;
			attributes = {
				BuildIndependentTargetsInParallel = 1;
				LastSwiftUpdateCheck = 1310;
				LastUpgradeCheck = 1310;
				TargetAttributes = {
					4D705ABA2754D1F60039946C = {
						CreatedOnToolsVersion = 13.1;
					};
				};
			};
			buildConfigurationList = 4D705AB62754D1F60039946C /* Build configuration list for PBXProject "MindtekAssignment" */;
			compatibilityVersion = "Xcode 13.0";
			developmentRegion = en;
			hasScannedForEncodings = 0;
			knownRegions = (
				en,
				Base,
			);
			mainGroup = 4D705AB22754D1F60039946C;
			productRefGroup = 4D705ABC2754D1F60039946C /* Products */;
			projectDirPath = "";
			projectRoot = "";
			targets = (
				4D705ABA2754D1F60039946C /* MindtekAssignment */,
			);
		};
/* End PBXProject section */

/* Begin PBXResourcesBuildPhase section */
		4D705AB92754D1F60039946C /* Resources */ = {
			isa = PBXResourcesBuildPhase;
			buildActionMask = 2147483647;
			files = (
				4D705ACB2754D1F90039946C /* LaunchScreen.storyboard in Resources */,
				4D705AC82754D1F90039946C /* Assets.xcassets in Resources */,
				4D705AC62754D1F60039946C /* Main.storyboard in Resources */,
			);
			runOnlyForDeploymentPostprocessing = 0;
		};
/* End PBXResourcesBuildPhase section */

/* Begin PBXSourcesBuildPhase section */
		4D705AB72754D1F60039946C /* Sources */ = {
			isa = PBXSourcesBuildPhase;
			buildActionMask = 2147483647;
			files = (
				4D705AC32754D1F60039946C /* ViewController.swift in Sources */,
				4D705ABF2754D1F60039946C /* AppDelegate.swift in Sources */,
				4D705ADF275508B90039946C /* ImageCollectionViewCell.swift in Sources */,
				4D705AC12754D1F60039946C /* SceneDelegate.swift in Sources */,
				4D705ADD2754E6BD0039946C /* ContentViewModel.swift in Sources */,
				4D705AD42754E0780039946C /* ContentTableViewCell.swift in Sources */,
				4D705AD72754E1500039946C /* ContentResult.swift in Sources */,
				4D705AE127550B5D0039946C /* ImageDownloader.swift in Sources */,
				4D705ADA2754E3110039946C /* IimageViewExtention.swift in Sources */,
			);
			runOnlyForDeploymentPostprocessing = 0;
		};
/* End PBXSourcesBuildPhase section */

/* Begin PBXVariantGroup section */
		4D705AC42754D1F60039946C /* Main.storyboard */ = {
			isa = PBXVariantGroup;
			children = (
				4D705AC52754D1F60039946C /* Base */,
			);
			name = Main.storyboard;
			sourceTree = "<group>";
		};
		4D705AC92754D1F90039946C /* LaunchScreen.storyboard */ = {
			isa = PBXVariantGroup;
			children = (
				4D705ACA2754D1F90039946C /* Base */,
			);
			name = LaunchScreen.storyboard;
			sourceTree = "<group>";
		};
/* End PBXVariantGroup section */

/* Begin XCBuildConfiguration section */
		4D705ACD2754D1F90039946C /* Debug */ = {
			isa = XCBuildConfiguration;
			buildSettings = {
				ALWAYS_SEARCH_USER_PATHS = NO;
				CLANG_ANALYZER_NONNULL = YES;
				CLANG_ANALYZER_NUMBER_OBJECT_CONVERSION = YES_AGGRESSIVE;
				CLANG_CXX_LANGUAGE_STANDARD = "gnu++17";
				CLANG_CXX_LIBRARY = "libc++";
				CLANG_ENABLE_MODULES = YES;
				CLANG_ENABLE_OBJC_ARC = YES;
				CLANG_ENABLE_OBJC_WEAK = YES;
				CLANG_WARN_BLOCK_CAPTURE_AUTORELEASING = YES;
				CLANG_WARN_BOOL_CONVERSION = YES;
				CLANG_WARN_COMMA = YES;
				CLANG_WARN_CONSTANT_CONVERSION = YES;
				CLANG_WARN_DEPRECATED_OBJC_IMPLEMENTATIONS = YES;
				CLANG_WARN_DIRECT_OBJC_ISA_USAGE = YES_ERROR;
				CLANG_WARN_DOCUMENTATION_COMMENTS = YES;
				CLANG_WARN_EMPTY_BODY = YES;
				CLANG_WARN_ENUM_CONVERSION = YES;
				CLANG_WARN_INFINITE_RECURSION = YES;
				CLANG_WARN_INT_CONVERSION = YES;
				CLANG_WARN_NON_LITERAL_NULL_CONVERSION = YES;
				CLANG_WARN_OBJC_IMPLICIT_RETAIN_SELF = YES;
				CLANG_WARN_OBJC_LITERAL_CONVERSION = YES;
				CLANG_WARN_OBJC_ROOT_CLASS = YES_ERROR;
				CLANG_WARN_QUOTED_INCLUDE_IN_FRAMEWORK_HEADER = YES;
				CLANG_WARN_RANGE_LOOP_ANALYSIS = YES;
				CLANG_WARN_STRICT_PROTOTYPES = YES;
				CLANG_WARN_SUSPICIOUS_MOVE = YES;
				CLANG_WARN_UNGUARDED_AVAILABILITY = YES_AGGRESSIVE;
				CLANG_WARN_UNREACHABLE_CODE = YES;
				CLANG_WARN__DUPLICATE_METHOD_MATCH = YES;
				COPY_PHASE_STRIP = NO;
				DEBUG_INFORMATION_FORMAT = dwarf;
				ENABLE_STRICT_OBJC_MSGSEND = YES;
				ENABLE_TESTABILITY = YES;
				GCC_C_LANGUAGE_STANDARD = gnu11;
				GCC_DYNAMIC_NO_PIC = NO;
				GCC_NO_COMMON_BLOCKS = YES;
				GCC_OPTIMIZATION_LEVEL = 0;
				GCC_PREPROCESSOR_DEFINITIONS = (
					"DEBUG=1",
					"$(inherited)",
				);
				GCC_WARN_64_TO_32_BIT_CONVERSION = YES;
				GCC_WARN_ABOUT_RETURN_TYPE = YES_ERROR;
				GCC_WARN_UNDECLARED_SELECTOR = YES;
				GCC_WARN_UNINITIALIZED_AUTOS = YES_AGGRESSIVE;
				GCC_WARN_UNUSED_FUNCTION = YES;
				GCC_WARN_UNUSED_VARIABLE = YES;
				IPHONEOS_DEPLOYMENT_TARGET = 15.0;
				MTL_ENABLE_DEBUG_INFO = INCLUDE_SOURCE;
				MTL_FAST_MATH = YES;
				ONLY_ACTIVE_ARCH = YES;
				SDKROOT = iphoneos;
				SWIFT_ACTIVE_COMPILATION_CONDITIONS = DEBUG;
				SWIFT_OPTIMIZATION_LEVEL = "-Onone";
			};
			name = Debug;
		};
		4D705ACE2754D1F90039946C /* Release */ = {
			isa = XCBuildConfiguration;
			buildSettings = {
				ALWAYS_SEARCH_USER_PATHS = NO;
				CLANG_ANALYZER_NONNULL = YES;
				CLANG_ANALYZER_NUMBER_OBJECT_CONVERSION = YES_AGGRESSIVE;
				CLANG_CXX_LANGUAGE_STANDARD = "gnu++17";
				CLANG_CXX_LIBRARY = "libc++";
				CLANG_ENABLE_MODULES = YES;
				CLANG_ENABLE_OBJC_ARC = YES;
				CLANG_ENABLE_OBJC_WEAK = YES;
				CLANG_WARN_BLOCK_CAPTURE_AUTORELEASING = YES;
				CLANG_WARN_BOOL_CONVERSION = YES;
				CLANG_WARN_COMMA = YES;
				CLANG_WARN_CONSTANT_CONVERSION = YES;
				CLANG_WARN_DEPRECATED_OBJC_IMPLEMENTATIONS = YES;
				CLANG_WARN_DIRECT_OBJC_ISA_USAGE = YES_ERROR;
				CLANG_WARN_DOCUMENTATION_COMMENTS = YES;
				CLANG_WARN_EMPTY_BODY = YES;
				CLANG_WARN_ENUM_CONVERSION = YES;
				CLANG_WARN_INFINITE_RECURSION = YES;
				CLANG_WARN_INT_CONVERSION = YES;
				CLANG_WARN_NON_LITERAL_NULL_CONVERSION = YES;
				CLANG_WARN_OBJC_IMPLICIT_RETAIN_SELF = YES;
				CLANG_WARN_OBJC_LITERAL_CONVERSION = YES;
				CLANG_WARN_OBJC_ROOT_CLASS = YES_ERROR;
				CLANG_WARN_QUOTED_INCLUDE_IN_FRAMEWORK_HEADER = YES;
				CLANG_WARN_RANGE_LOOP_ANALYSIS = YES;
				CLANG_WARN_STRICT_PROTOTYPES = YES;
				CLANG_WARN_SUSPICIOUS_MOVE = YES;
				CLANG_WARN_UNGUARDED_AVAILABILITY = YES_AGGRESSIVE;
				CLANG_WARN_UNREACHABLE_CODE = YES;
				CLANG_WARN__DUPLICATE_METHOD_MATCH = YES;
				COPY_PHASE_STRIP = NO;
				DEBUG_INFORMATION_FORMAT = "dwarf-with-dsym";
				ENABLE_NS_ASSERTIONS = NO;
				ENABLE_STRICT_OBJC_MSGSEND = YES;
				GCC_C_LANGUAGE_STANDARD = gnu11;
				GCC_NO_COMMON_BLOCKS = YES;
				GCC_WARN_64_TO_32_BIT_CONVERSION = YES;
				GCC_WARN_ABOUT_RETURN_TYPE = YES_ERROR;
				GCC_WARN_UNDECLARED_SELECTOR = YES;
				GCC_WARN_UNINITIALIZED_AUTOS = YES_AGGRESSIVE;
				GCC_WARN_UNUSED_FUNCTION = YES;
				GCC_WARN_UNUSED_VARIABLE = YES;
				IPHONEOS_DEPLOYMENT_TARGET = 15.0;
				MTL_ENABLE_DEBUG_INFO = NO;
				MTL_FAST_MATH = YES;
				SDKROOT = iphoneos;
				SWIFT_COMPILATION_MODE = wholemodule;
				SWIFT_OPTIMIZATION_LEVEL = "-O";
				VALIDATE_PRODUCT = YES;
			};
			name = Release;
		};
		4D705AD02754D1F90039946C /* Debug */ = {
			isa = XCBuildConfiguration;
			buildSettings = {
				ASSETCATALOG_COMPILER_APPICON_NAME = AppIcon;
				ASSETCATALOG_COMPILER_GLOBAL_ACCENT_COLOR_NAME = AccentColor;
				CODE_SIGN_STYLE = Automatic;
				CURRENT_PROJECT_VERSION = 1;
				GENERATE_INFOPLIST_FILE = YES;
				INFOPLIST_FILE = MindtekAssignment/Info.plist;
				INFOPLIST_KEY_UIApplicationSupportsIndirectInputEvents = YES;
				INFOPLIST_KEY_UILaunchStoryboardName = LaunchScreen;
				INFOPLIST_KEY_UIMainStoryboardFile = Main;
				INFOPLIST_KEY_UISupportedInterfaceOrientations_iPad = "UIInterfaceOrientationPortrait UIInterfaceOrientationPortraitUpsideDown UIInterfaceOrientationLandscapeLeft UIInterfaceOrientationLandscapeRight";
				INFOPLIST_KEY_UISupportedInterfaceOrientations_iPhone = "UIInterfaceOrientationPortrait UIInterfaceOrientationLandscapeLeft UIInterfaceOrientationLandscapeRight";
				LD_RUNPATH_SEARCH_PATHS = (
					"$(inherited)",
					"@executable_path/Frameworks",
				);
				MARKETING_VERSION = 1.0;
				PRODUCT_BUNDLE_IDENTIFIER = IFutureInfotech.MindtekAssignment;
				PRODUCT_NAME = "$(TARGET_NAME)";
				SWIFT_EMIT_LOC_STRINGS = YES;
				SWIFT_VERSION = 5.0;
				TARGETED_DEVICE_FAMILY = "1,2";
			};
			name = Debug;
		};
		4D705AD12754D1F90039946C /* Release */ = {
			isa = XCBuildConfiguration;
			buildSettings = {
				ASSETCATALOG_COMPILER_APPICON_NAME = AppIcon;
				ASSETCATALOG_COMPILER_GLOBAL_ACCENT_COLOR_NAME = AccentColor;
				CODE_SIGN_STYLE = Automatic;
				CURRENT_PROJECT_VERSION = 1;
				GENERATE_INFOPLIST_FILE = YES;
				INFOPLIST_FILE = MindtekAssignment/Info.plist;
				INFOPLIST_KEY_UIApplicationSupportsIndirectInputEvents = YES;
				INFOPLIST_KEY_UILaunchStoryboardName = LaunchScreen;
				INFOPLIST_KEY_UIMainStoryboardFile = Main;
				INFOPLIST_KEY_UISupportedInterfaceOrientations_iPad = "UIInterfaceOrientationPortrait UIInterfaceOrientationPortraitUpsideDown UIInterfaceOrientationLandscapeLeft UIInterfaceOrientationLandscapeRight";
				INFOPLIST_KEY_UISupportedInterfaceOrientations_iPhone = "UIInterfaceOrientationPortrait UIInterfaceOrientationLandscapeLeft UIInterfaceOrientationLandscapeRight";
				LD_RUNPATH_SEARCH_PATHS = (
					"$(inherited)",
					"@executable_path/Frameworks",
				);
				MARKETING_VERSION = 1.0;
				PRODUCT_BUNDLE_IDENTIFIER = IFutureInfotech.MindtekAssignment;
				PRODUCT_NAME = "$(TARGET_NAME)";
				SWIFT_EMIT_LOC_STRINGS = YES;
				SWIFT_VERSION = 5.0;
				TARGETED_DEVICE_FAMILY = "1,2";
			};
			name = Release;
		};
/* End XCBuildConfiguration section */

/* Begin XCConfigurationList section */
		4D705AB62754D1F60039946C /* Build configuration list for PBXProject "MindtekAssignment" */ = {
			isa = XCConfigurationList;
			buildConfigurations = (
				4D705ACD2754D1F90039946C /* Debug */,
				4D705ACE2754D1F90039946C /* Release */,
			);
			defaultConfigurationIsVisible = 0;
			defaultConfigurationName = Release;
		};
		4D705ACF2754D1F90039946C /* Build configuration list for PBXNativeTarget "MindtekAssignment" */ = {
			isa = XCConfigurationList;
			buildConfigurations = (
				4D705AD02754D1F90039946C /* Debug */,
				4D705AD12754D1F90039946C /* Release */,
			);
			defaultConfigurationIsVisible = 0;
			defaultConfigurationName = Release;
		};
/* End XCConfigurationList section */
	};
	rootObject = 4D705AB32754D1F60039946C /* Project object */;
}
